// !$*UTF8*$!
{
	archiveVersion = 1;
	classes = {
	};
	objectVersion = 50;
	objects = {

/* Begin PBXBuildFile section */
		67051A2D26453A94009EE769 /* UI_175App.swift in Sources */ = {isa = PBXBuildFile; fileRef = 67051A2C26453A94009EE769 /* UI_175App.swift */; };
		67051A2F26453A94009EE769 /* ContentView.swift in Sources */ = {isa = PBXBuildFile; fileRef = 67051A2E26453A94009EE769 /* ContentView.swift */; };
		67051A3126453A95009EE769 /* Assets.xcassets in Resources */ = {isa = PBXBuildFile; fileRef = 67051A3026453A95009EE769 /* Assets.xcassets */; };
		67051A3426453A95009EE769 /* Preview Assets.xcassets in Resources */ = {isa = PBXBuildFile; fileRef = 67051A3326453A95009EE769 /* Preview Assets.xcassets */; };
		67051A402645519E009EE769 /* RotationView.swift in Sources */ = {isa = PBXBuildFile; fileRef = 67051A3F2645519E009EE769 /* RotationView.swift */; };
		67051A4226455546009EE769 /* SmaliView.swift in Sources */ = {isa = PBXBuildFile; fileRef = 67051A4126455546009EE769 /* SmaliView.swift */; };
		67051A4926456286009EE769 /* WalletView.swift in Sources */ = {isa = PBXBuildFile; fileRef = 67051A4826456286009EE769 /* WalletView.swift */; };
		67750FBE2645637000E320B3 /* Week.swift 20-55-42-739.swift in Sources */ = {isa = PBXBuildFile; fileRef = 67750FBD2645637000E320B3 /* Week.swift 20-55-42-739.swift */; };
/* End PBXBuildFile section */

/* Begin PBXFileReference section */
		67051A2926453A94009EE769 /* UI-175.app */ = {isa = PBXFileReference; explicitFileType = wrapper.application; includeInIndex = 0; path = "UI-175.app"; sourceTree = BUILT_PRODUCTS_DIR; };
		67051A2C26453A94009EE769 /* UI_175App.swift */ = {isa = PBXFileReference; lastKnownFileType = sourcecode.swift; path = UI_175App.swift; sourceTree = "<group>"; };
		67051A2E26453A94009EE769 /* ContentView.swift */ = {isa = PBXFileReference; lastKnownFileType = sourcecode.swift; path = ContentView.swift; sourceTree = "<group>"; };
		67051A3026453A95009EE769 /* Assets.xcassets */ = {isa = PBXFileReference; lastKnownFileType = folder.assetcatalog; path = Assets.xcassets; sourceTree = "<group>"; };
		67051A3326453A95009EE769 /* Preview Assets.xcassets */ = {isa = PBXFileReference; lastKnownFileType = folder.assetcatalog; path = "Preview Assets.xcassets"; sourceTree = "<group>"; };
		67051A3526453A95009EE769 /* Info.plist */ = {isa = PBXFileReference; lastKnownFileType = text.plist.xml; path = Info.plist; sourceTree = "<group>"; };
		67051A3F2645519E009EE769 /* RotationView.swift */ = {isa = PBXFileReference; lastKnownFileType = sourcecode.swift; path = RotationView.swift; sourceTree = "<group>"; };
		67051A4126455546009EE769 /* SmaliView.swift */ = {isa = PBXFileReference; lastKnownFileType = sourcecode.swift; path = SmaliView.swift; sourceTree = "<group>"; };
		67051A4826456286009EE769 /* WalletView.swift */ = {isa = PBXFileReference; fileEncoding = 4; lastKnownFileType = sourcecode.swift; path = WalletView.swift; sourceTree = "<group>"; };
		67750FBD2645637000E320B3 /* Week.swift 20-55-42-739.swift */ = {isa = PBXFileReference; fileEncoding = 4; lastKnownFileType = sourcecode.swift; path = "Week.swift 20-55-42-739.swift"; sourceTree = "<group>"; };
/* End PBXFileReference section */

/* Begin PBXFrameworksBuildPhase section */
		67051A2626453A94009EE769 /* Frameworks */ = {
			isa = PBXFrameworksBuildPhase;
			buildActionMask = 2147483647;
			files = (
			);
			runOnlyForDeploymentPostprocessing = 0;
		};
/* End PBXFrameworksBuildPhase section */

/* Begin PBXGroup section */
		67051A2026453A94009EE769 = {
			isa = PBXGroup;
			children = (
				67051A2B26453A94009EE769 /* UI-175 */,
				67051A2A26453A94009EE769 /* Products */,
			);
			sourceTree = "<group>";
		};
		67051A2A26453A94009EE769 /* Products */ = {
			isa = PBXGroup;
			children = (
				67051A2926453A94009EE769 /* UI-175.app */,
			);
			name = Products;
			sourceTree = "<group>";
		};
		67051A2B26453A94009EE769 /* UI-175 */ = {
			isa = PBXGroup;
			children = (
				67051A452645614C009EE769 /* Model */,
				67051A3B26453B92009EE769 /* View */,
				67051A2C26453A94009EE769 /* UI_175App.swift */,
				67051A2E26453A94009EE769 /* ContentView.swift */,
				67051A3026453A95009EE769 /* Assets.xcassets */,
				67051A3526453A95009EE769 /* Info.plist */,
				67051A3226453A95009EE769 /* Preview Content */,
			);
			path = "UI-175";
			sourceTree = "<group>";
		};
		67051A3226453A95009EE769 /* Preview Content */ = {
			isa = PBXGroup;
			children = (
				67051A3326453A95009EE769 /* Preview Assets.xcassets */,
			);
			path = "Preview Content";
			sourceTree = "<group>";
		};
		67051A3B26453B92009EE769 /* View */ = {
			isa = PBXGroup;
			children = (
				67051A4826456286009EE769 /* WalletView.swift */,
				67051A3F2645519E009EE769 /* RotationView.swift */,
				67051A4126455546009EE769 /* SmaliView.swift */,
			);
			path = View;
			sourceTree = "<group>";
		};
		67051A452645614C009EE769 /* Model */ = {
			isa = PBXGroup;
			children = (
				67750FBD2645637000E320B3 /* Week.swift 20-55-42-739.swift */,
			);
			path = Model;
			sourceTree = "<group>";
		};
/* End PBXGroup section */

/* Begin PBXNativeTarget section */
		67051A2826453A94009EE769 /* UI-175 */ = {
			isa = PBXNativeTarget;
			buildConfigurationList = 67051A3826453A95009EE769 /* Build configuration list for PBXNativeTarget "UI-175" */;
			buildPhases = (
				67051A2526453A94009EE769 /* Sources */,
				67051A2626453A94009EE769 /* Frameworks */,
				67051A2726453A94009EE769 /* Resources */,
			);
			buildRules = (
			);
			dependencies = (
			);
			name = "UI-175";
			productName = "UI-175";
			productReference = 67051A2926453A94009EE769 /* UI-175.app */;
			productType = "com.apple.product-type.application";
		};
/* End PBXNativeTarget section */

/* Begin PBXProject section */
		67051A2126453A94009EE769 /* Project object */ = {
			isa = PBXProject;
			attributes = {
				LastSwiftUpdateCheck = 1250;
				LastUpgradeCheck = 1250;
				TargetAttributes = {
					67051A2826453A94009EE769 = {
						CreatedOnToolsVersion = 12.5;
					};
				};
			};
			buildConfigurationList = 67051A2426453A94009EE769 /* Build configuration list for PBXProject "UI-175" */;
			compatibilityVersion = "Xcode 9.3";
			developmentRegion = en;
			hasScannedForEncodings = 0;
			knownRegions = (
				en,
				Base,
			);
			mainGroup = 67051A2026453A94009EE769;
			productRefGroup = 67051A2A26453A94009EE769 /* Products */;
			projectDirPath = "";
			projectRoot = "";
			targets = (
				67051A2826453A94009EE769 /* UI-175 */,
			);
		};
/* End PBXProject section */

/* Begin PBXResourcesBuildPhase section */
		67051A2726453A94009EE769 /* Resources */ = {
			isa = PBXResourcesBuildPhase;
			buildActionMask = 2147483647;
			files = (
				67051A3426453A95009EE769 /* Preview Assets.xcassets in Resources */,
				67051A3126453A95009EE769 /* Assets.xcassets in Resources */,
			);
			runOnlyForDeploymentPostprocessing = 0;
		};
/* End PBXResourcesBuildPhase section */

/* Begin PBXSourcesBuildPhase section */
		67051A2526453A94009EE769 /* Sources */ = {
			isa = PBXSourcesBuildPhase;
			buildActionMask = 2147483647;
			files = (
				67051A402645519E009EE769 /* RotationView.swift in Sources */,
				67750FBE2645637000E320B3 /* Week.swift 20-55-42-739.swift in Sources */,
				67051A2F26453A94009EE769 /* ContentView.swift in Sources */,
				67051A4926456286009EE769 /* WalletView.swift in Sources */,
				67051A2D26453A94009EE769 /* UI_175App.swift in Sources */,
				67051A4226455546009EE769 /* SmaliView.swift in Sources */,
			);
			runOnlyForDeploymentPostprocessing = 0;
		};
/* End PBXSourcesBuildPhase section */

/* Begin XCBuildConfiguration section */
		67051A3626453A95009EE769 /* Debug */ = {
			isa = XCBuildConfiguration;
			buildSettings = {
				ALWAYS_SEARCH_USER_PATHS = NO;
				CLANG_ANALYZER_NONNULL = YES;
				CLANG_ANALYZER_NUMBER_OBJECT_CONVERSION = YES_AGGRESSIVE;
				CLANG_CXX_LANGUAGE_STANDARD = "gnu++14";
				CLANG_CXX_LIBRARY = "libc++";
				CLANG_ENABLE_MODULES = YES;
				CLANG_ENABLE_OBJC_ARC = YES;
				CLANG_ENABLE_OBJC_WEAK = YES;
				CLANG_WARN_BLOCK_CAPTURE_AUTORELEASING = YES;
				CLANG_WARN_BOOL_CONVERSION = YES;
				CLANG_WARN_COMMA = YES;
				CLANG_WARN_CONSTANT_CONVERSION = YES;
				CLANG_WARN_DEPRECATED_OBJC_IMPLEMENTATIONS = YES;
				CLANG_WARN_DIRECT_OBJC_ISA_USAGE = YES_ERROR;
				CLANG_WARN_DOCUMENTATION_COMMENTS = YES;
				CLANG_WARN_EMPTY_BODY = YES;
				CLANG_WARN_ENUM_CONVERSION = YES;
				CLANG_WARN_INFINITE_RECURSION = YES;
				CLANG_WARN_INT_CONVERSION = YES;
				CLANG_WARN_NON_LITERAL_NULL_CONVERSION = YES;
				CLANG_WARN_OBJC_IMPLICIT_RETAIN_SELF = YES;
				CLANG_WARN_OBJC_LITERAL_CONVERSION = YES;
				CLANG_WARN_OBJC_ROOT_CLASS = YES_ERROR;
				CLANG_WARN_QUOTED_INCLUDE_IN_FRAMEWORK_HEADER = YES;
				CLANG_WARN_RANGE_LOOP_ANALYSIS = YES;
				CLANG_WARN_STRICT_PROTOTYPES = YES;
				CLANG_WARN_SUSPICIOUS_MOVE = YES;
				CLANG_WARN_UNGUARDED_AVAILABILITY = YES_AGGRESSIVE;
				CLANG_WARN_UNREACHABLE_CODE = YES;
				CLANG_WARN__DUPLICATE_METHOD_MATCH = YES;
				COPY_PHASE_STRIP = NO;
				DEBUG_INFORMATION_FORMAT = dwarf;
				ENABLE_STRICT_OBJC_MSGSEND = YES;
				ENABLE_TESTABILITY = YES;
				GCC_C_LANGUAGE_STANDARD = gnu11;
				GCC_DYNAMIC_NO_PIC = NO;
				GCC_NO_COMMON_BLOCKS = YES;
				GCC_OPTIMIZATION_LEVEL = 0;
				GCC_PREPROCESSOR_DEFINITIONS = (
					"DEBUG=1",
					"$(inherited)",
				);
				GCC_WARN_64_TO_32_BIT_CONVERSION = YES;
				GCC_WARN_ABOUT_RETURN_TYPE = YES_ERROR;
				GCC_WARN_UNDECLARED_SELECTOR = YES;
				GCC_WARN_UNINITIALIZED_AUTOS = YES_AGGRESSIVE;
				GCC_WARN_UNUSED_FUNCTION = YES;
				GCC_WARN_UNUSED_VARIABLE = YES;
				IPHONEOS_DEPLOYMENT_TARGET = 14.5;
				MTL_ENABLE_DEBUG_INFO = INCLUDE_SOURCE;
				MTL_FAST_MATH = YES;
				ONLY_ACTIVE_ARCH = YES;
				SDKROOT = iphoneos;
				SWIFT_ACTIVE_COMPILATION_CONDITIONS = DEBUG;
				SWIFT_OPTIMIZATION_LEVEL = "-Onone";
			};
			name = Debug;
		};
		67051A3726453A95009EE769 /* Release */ = {
			isa = XCBuildConfiguration;
			buildSettings = {
				ALWAYS_SEARCH_USER_PATHS = NO;
				CLANG_ANALYZER_NONNULL = YES;
				CLANG_ANALYZER_NUMBER_OBJECT_CONVERSION = YES_AGGRESSIVE;
				CLANG_CXX_LANGUAGE_STANDARD = "gnu++14";
				CLANG_CXX_LIBRARY = "libc++";
				CLANG_ENABLE_MODULES = YES;
				CLANG_ENABLE_OBJC_ARC = YES;
				CLANG_ENABLE_OBJC_WEAK = YES;
				CLANG_WARN_BLOCK_CAPTURE_AUTORELEASING = YES;
				CLANG_WARN_BOOL_CONVERSION = YES;
				CLANG_WARN_COMMA = YES;
				CLANG_WARN_CONSTANT_CONVERSION = YES;
				CLANG_WARN_DEPRECATED_OBJC_IMPLEMENTATIONS = YES;
				CLANG_WARN_DIRECT_OBJC_ISA_USAGE = YES_ERROR;
				CLANG_WARN_DOCUMENTATION_COMMENTS = YES;
				CLANG_WARN_EMPTY_BODY = YES;
				CLANG_WARN_ENUM_CONVERSION = YES;
				CLANG_WARN_INFINITE_RECURSION = YES;
				CLANG_WARN_INT_CONVERSION = YES;
				CLANG_WARN_NON_LITERAL_NULL_CONVERSION = YES;
				CLANG_WARN_OBJC_IMPLICIT_RETAIN_SELF = YES;
				CLANG_WARN_OBJC_LITERAL_CONVERSION = YES;
				CLANG_WARN_OBJC_ROOT_CLASS = YES_ERROR;
				CLANG_WARN_QUOTED_INCLUDE_IN_FRAMEWORK_HEADER = YES;
				CLANG_WARN_RANGE_LOOP_ANALYSIS = YES;
				CLANG_WARN_STRICT_PROTOTYPES = YES;
				CLANG_WARN_SUSPICIOUS_MOVE = YES;
				CLANG_WARN_UNGUARDED_AVAILABILITY = YES_AGGRESSIVE;
				CLANG_WARN_UNREACHABLE_CODE = YES;
				CLANG_WARN__DUPLICATE_METHOD_MATCH = YES;
				COPY_PHASE_STRIP = NO;
				DEBUG_INFORMATION_FORMAT = "dwarf-with-dsym";
				ENABLE_NS_ASSERTIONS = NO;
				ENABLE_STRICT_OBJC_MSGSEND = YES;
				GCC_C_LANGUAGE_STANDARD = gnu11;
				GCC_NO_COMMON_BLOCKS = YES;
				GCC_WARN_64_TO_32_BIT_CONVERSION = YES;
				GCC_WARN_ABOUT_RETURN_TYPE = YES_ERROR;
				GCC_WARN_UNDECLARED_SELECTOR = YES;
				GCC_WARN_UNINITIALIZED_AUTOS = YES_AGGRESSIVE;
				GCC_WARN_UNUSED_FUNCTION = YES;
				GCC_WARN_UNUSED_VARIABLE = YES;
				IPHONEOS_DEPLOYMENT_TARGET = 14.5;
				MTL_ENABLE_DEBUG_INFO = NO;
				MTL_FAST_MATH = YES;
				SDKROOT = iphoneos;
				SWIFT_COMPILATION_MODE = wholemodule;
				SWIFT_OPTIMIZATION_LEVEL = "-O";
				VALIDATE_PRODUCT = YES;
			};
			name = Release;
		};
		67051A3926453A95009EE769 /* Debug */ = {
			isa = XCBuildConfiguration;
			buildSettings = {
				ASSETCATALOG_COMPILER_APPICON_NAME = AppIcon;
				ASSETCATALOG_COMPILER_GLOBAL_ACCENT_COLOR_NAME = AccentColor;
				CODE_SIGN_STYLE = Automatic;
				DEVELOPMENT_ASSET_PATHS = "\"UI-175/Preview Content\"";
				ENABLE_PREVIEWS = YES;
				INFOPLIST_FILE = "UI-175/Info.plist";
				IPHONEOS_DEPLOYMENT_TARGET = 14.0;
				LD_RUNPATH_SEARCH_PATHS = (
					"$(inherited)",
					"@executable_path/Frameworks",
				);
				PRODUCT_BUNDLE_IDENTIFIER = "com.uzu.UI-175";
				PRODUCT_NAME = "$(TARGET_NAME)";
				SWIFT_VERSION = 5.0;
				TARGETED_DEVICE_FAMILY = "1,2";
			};
			name = Debug;
		};
		67051A3A26453A95009EE769 /* Release */ = {
			isa = XCBuildConfiguration;
			buildSettings = {
				ASSETCATALOG_COMPILER_APPICON_NAME = AppIcon;
				ASSETCATALOG_COMPILER_GLOBAL_ACCENT_COLOR_NAME = AccentColor;
				CODE_SIGN_STYLE = Automatic;
				DEVELOPMENT_ASSET_PATHS = "\"UI-175/Preview Content\"";
				ENABLE_PREVIEWS = YES;
				INFOPLIST_FILE = "UI-175/Info.plist";
				IPHONEOS_DEPLOYMENT_TARGET = 14.0;
				LD_RUNPATH_SEARCH_PATHS = (
					"$(inherited)",
					"@executable_path/Frameworks",
				);
				PRODUCT_BUNDLE_IDENTIFIER = "com.uzu.UI-175";
				PRODUCT_NAME = "$(TARGET_NAME)";
				SWIFT_VERSION = 5.0;
				TARGETED_DEVICE_FAMILY = "1,2";
			};
			name = Release;
		};
/* End XCBuildConfiguration section */

/* Begin XCConfigurationList section */
		67051A2426453A94009EE769 /* Build configuration list for PBXProject "UI-175" */ = {
			isa = XCConfigurationList;
			buildConfigurations = (
				67051A3626453A95009EE769 /* Debug */,
				67051A3726453A95009EE769 /* Release */,
			);
			defaultConfigurationIsVisible = 0;
			defaultConfigurationName = Release;
		};
		67051A3826453A95009EE769 /* Build configuration list for PBXNativeTarget "UI-175" */ = {
			isa = XCConfigurationList;
			buildConfigurations = (
				67051A3926453A95009EE769 /* Debug */,
				67051A3A26453A95009EE769 /* Release */,
			);
			defaultConfigurationIsVisible = 0;
			defaultConfigurationName = Release;
		};
/* End XCConfigurationList section */
	};
	rootObject = 67051A2126453A94009EE769 /* Project object */;
}
